
Microsoft Visual Studio Solution File, Format Version 12.00
# Visual Studio Version 17
VisualStudioVersion = 17.7.34221.43
MinimumVisualStudioVersion = 10.0.40219.1
Project("{FAE04EC0-301F-11D3-BF4B-00C04F79EFBC}") = "wibw-api", "wibw-api.csproj", "{50267D22-7D93-4E25-8529-C633F2C875BE}"
EndProject
Global
	GlobalSection(SolutionConfigurationPlatforms) = preSolution
		Debug|Any CPU = Debug|Any CPU
		Release|Any CPU = Release|Any CPU
	EndGlobalSection
	GlobalSection(ProjectConfigurationPlatforms) = postSolution
		{50267D22-7D93-4E25-8529-C633F2C875BE}.Debug|Any CPU.ActiveCfg = Debug|Any CPU
		{50267D22-7D93-4E25-8529-C633F2C875BE}.Debug|Any CPU.Build.0 = Debug|Any CPU
		{50267D22-7D93-4E25-8529-C633F2C875BE}.Release|Any CPU.ActiveCfg = Release|Any CPU
		{50267D22-7D93-4E25-8529-C633F2C875BE}.Release|Any CPU.Build.0 = Release|Any CPU
	EndGlobalSection
	GlobalSection(SolutionProperties) = preSolution
		HideSolutionNode = FALSE
	EndGlobalSection
	GlobalSection(ExtensibilityGlobals) = postSolution
		SolutionGuid = {B54A1D4B-229D-4F97-859B-B89A39749E8D}
	EndGlobalSection
EndGlobal
